// !$*UTF8*$!
{
	archiveVersion = 1;
	classes = {
	};
	objectVersion = 46;
	objects = {

/* Begin PBXBuildFile section */
		17B83733D4B5AAC2924B491D /* libPods.a in Frameworks */ = {isa = PBXBuildFile; fileRef = 09C3C67FC3470549B1B23F56 /* libPods.a */; };
		5C52636D1A87257900498BDE /* main.m in Sources */ = {isa = PBXBuildFile; fileRef = 5C52636C1A87257900498BDE /* main.m */; };
		5C5263701A87257900498BDE /* AppDelegate.m in Sources */ = {isa = PBXBuildFile; fileRef = 5C52636F1A87257900498BDE /* AppDelegate.m */; };
		5C5263781A87257900498BDE /* Images.xcassets in Resources */ = {isa = PBXBuildFile; fileRef = 5C5263771A87257900498BDE /* Images.xcassets */; };
		5C52637B1A87257900498BDE /* LaunchScreen.xib in Resources */ = {isa = PBXBuildFile; fileRef = 5C5263791A87257900498BDE /* LaunchScreen.xib */; };
		5C5263871A87257900498BDE /* twitterAppTests.m in Sources */ = {isa = PBXBuildFile; fileRef = 5C5263861A87257900498BDE /* twitterAppTests.m */; };
		5C5263931A87291600498BDE /* LogginViewController.m in Sources */ = {isa = PBXBuildFile; fileRef = 5C5263911A87291600498BDE /* LogginViewController.m */; };
		5C5263941A87291600498BDE /* LogginViewController.xib in Resources */ = {isa = PBXBuildFile; fileRef = 5C5263921A87291600498BDE /* LogginViewController.xib */; };
		5C5263971A872B0C00498BDE /* TwitterClient.m in Sources */ = {isa = PBXBuildFile; fileRef = 5C5263961A872B0C00498BDE /* TwitterClient.m */; };
		5C52639B1A88354D00498BDE /* Tweet.m in Sources */ = {isa = PBXBuildFile; fileRef = 5C52639A1A88354D00498BDE /* Tweet.m */; };
		5C52639E1A88356E00498BDE /* User.m in Sources */ = {isa = PBXBuildFile; fileRef = 5C52639D1A88356E00498BDE /* User.m */; };
		5C9842601A8C7F5E00D06399 /* TimelineViewController.m in Sources */ = {isa = PBXBuildFile; fileRef = 5C98425E1A8C7F5E00D06399 /* TimelineViewController.m */; };
		5C9842611A8C7F5E00D06399 /* TimelineViewController.xib in Resources */ = {isa = PBXBuildFile; fileRef = 5C98425F1A8C7F5E00D06399 /* TimelineViewController.xib */; };
		5C98426B1A8C9D6F00D06399 /* TweetTableViewCell.m in Sources */ = {isa = PBXBuildFile; fileRef = 5C9842691A8C9D6F00D06399 /* TweetTableViewCell.m */; };
		5C98426C1A8C9D6F00D06399 /* TweetTableViewCell.xib in Resources */ = {isa = PBXBuildFile; fileRef = 5C98426A1A8C9D6F00D06399 /* TweetTableViewCell.xib */; };
		5C98426E1A8CAD6A00D06399 /* Readme in Resources */ = {isa = PBXBuildFile; fileRef = 5C98426D1A8CAD6A00D06399 /* Readme */; };
		5C9842AC1A92CA0A00D06399 /* MenuViewController.m in Sources */ = {isa = PBXBuildFile; fileRef = 5C9842AA1A92CA0A00D06399 /* MenuViewController.m */; };
		5C9842AD1A92CA0A00D06399 /* MenuViewController.xib in Resources */ = {isa = PBXBuildFile; fileRef = 5C9842AB1A92CA0A00D06399 /* MenuViewController.xib */; };
		5C9842B11A92CCD300D06399 /* ProfileViewController.m in Sources */ = {isa = PBXBuildFile; fileRef = 5C9842AF1A92CCD300D06399 /* ProfileViewController.m */; };
		5C9842B21A92CCD300D06399 /* ProfileViewController.xib in Resources */ = {isa = PBXBuildFile; fileRef = 5C9842B01A92CCD300D06399 /* ProfileViewController.xib */; };
		5CEA2DE41A8888EF005D9974 /* TweetsViewController.m in Sources */ = {isa = PBXBuildFile; fileRef = 5CEA2DE21A8888EF005D9974 /* TweetsViewController.m */; };
		5CEA2DE51A8888EF005D9974 /* TweetsViewController.xib in Resources */ = {isa = PBXBuildFile; fileRef = 5CEA2DE31A8888EF005D9974 /* TweetsViewController.xib */; };
/* End PBXBuildFile section */

/* Begin PBXContainerItemProxy section */
		5C5263811A87257900498BDE /* PBXContainerItemProxy */ = {
			isa = PBXContainerItemProxy;
			containerPortal = 5C52635F1A87257900498BDE /* Project object */;
			proxyType = 1;
			remoteGlobalIDString = 5C5263661A87257900498BDE;
			remoteInfo = twitterApp;
		};
/* End PBXContainerItemProxy section */

/* Begin PBXFileReference section */
		09C3C67FC3470549B1B23F56 /* libPods.a */ = {isa = PBXFileReference; explicitFileType = archive.ar; includeInIndex = 0; path = libPods.a; sourceTree = BUILT_PRODUCTS_DIR; };
		241A5EDC951C86D6C51E265F /* Pods.release.xcconfig */ = {isa = PBXFileReference; includeInIndex = 1; lastKnownFileType = text.xcconfig; name = Pods.release.xcconfig; path = "Pods/Target Support Files/Pods/Pods.release.xcconfig"; sourceTree = "<group>"; };
		5C5263671A87257900498BDE /* twitterApp.app */ = {isa = PBXFileReference; explicitFileType = wrapper.application; includeInIndex = 0; path = twitterApp.app; sourceTree = BUILT_PRODUCTS_DIR; };
		5C52636B1A87257900498BDE /* Info.plist */ = {isa = PBXFileReference; lastKnownFileType = text.plist.xml; path = Info.plist; sourceTree = "<group>"; };
		5C52636C1A87257900498BDE /* main.m */ = {isa = PBXFileReference; lastKnownFileType = sourcecode.c.objc; path = main.m; sourceTree = "<group>"; };
		5C52636E1A87257900498BDE /* AppDelegate.h */ = {isa = PBXFileReference; lastKnownFileType = sourcecode.c.h; path = AppDelegate.h; sourceTree = "<group>"; };
		5C52636F1A87257900498BDE /* AppDelegate.m */ = {isa = PBXFileReference; lastKnownFileType = sourcecode.c.objc; path = AppDelegate.m; sourceTree = "<group>"; };
		5C5263771A87257900498BDE /* Images.xcassets */ = {isa = PBXFileReference; lastKnownFileType = folder.assetcatalog; path = Images.xcassets; sourceTree = "<group>"; };
		5C52637A1A87257900498BDE /* Base */ = {isa = PBXFileReference; lastKnownFileType = file.xib; name = Base; path = Base.lproj/LaunchScreen.xib; sourceTree = "<group>"; };
		5C5263801A87257900498BDE /* twitterAppTests.xctest */ = {isa = PBXFileReference; explicitFileType = wrapper.cfbundle; includeInIndex = 0; path = twitterAppTests.xctest; sourceTree = BUILT_PRODUCTS_DIR; };
		5C5263851A87257900498BDE /* Info.plist */ = {isa = PBXFileReference; lastKnownFileType = text.plist.xml; path = Info.plist; sourceTree = "<group>"; };
		5C5263861A87257900498BDE /* twitterAppTests.m */ = {isa = PBXFileReference; lastKnownFileType = sourcecode.c.objc; path = twitterAppTests.m; sourceTree = "<group>"; };
		5C5263901A87291600498BDE /* LogginViewController.h */ = {isa = PBXFileReference; fileEncoding = 4; lastKnownFileType = sourcecode.c.h; path = LogginViewController.h; sourceTree = "<group>"; };
		5C5263911A87291600498BDE /* LogginViewController.m */ = {isa = PBXFileReference; fileEncoding = 4; lastKnownFileType = sourcecode.c.objc; path = LogginViewController.m; sourceTree = "<group>"; };
		5C5263921A87291600498BDE /* LogginViewController.xib */ = {isa = PBXFileReference; fileEncoding = 4; lastKnownFileType = file.xib; path = LogginViewController.xib; sourceTree = "<group>"; };
		5C5263951A872B0C00498BDE /* TwitterClient.h */ = {isa = PBXFileReference; fileEncoding = 4; lastKnownFileType = sourcecode.c.h; path = TwitterClient.h; sourceTree = "<group>"; };
		5C5263961A872B0C00498BDE /* TwitterClient.m */ = {isa = PBXFileReference; fileEncoding = 4; lastKnownFileType = sourcecode.c.objc; path = TwitterClient.m; sourceTree = "<group>"; };
		5C5263991A88354D00498BDE /* Tweet.h */ = {isa = PBXFileReference; fileEncoding = 4; lastKnownFileType = sourcecode.c.h; path = Tweet.h; sourceTree = "<group>"; };
		5C52639A1A88354D00498BDE /* Tweet.m */ = {isa = PBXFileReference; fileEncoding = 4; lastKnownFileType = sourcecode.c.objc; path = Tweet.m; sourceTree = "<group>"; };
		5C52639C1A88356E00498BDE /* User.h */ = {isa = PBXFileReference; fileEncoding = 4; lastKnownFileType = sourcecode.c.h; path = User.h; sourceTree = "<group>"; };
		5C52639D1A88356E00498BDE /* User.m */ = {isa = PBXFileReference; fileEncoding = 4; lastKnownFileType = sourcecode.c.objc; path = User.m; sourceTree = "<group>"; };
		5C98425D1A8C7F5E00D06399 /* TimelineViewController.h */ = {isa = PBXFileReference; fileEncoding = 4; lastKnownFileType = sourcecode.c.h; path = TimelineViewController.h; sourceTree = "<group>"; };
		5C98425E1A8C7F5E00D06399 /* TimelineViewController.m */ = {isa = PBXFileReference; fileEncoding = 4; lastKnownFileType = sourcecode.c.objc; path = TimelineViewController.m; sourceTree = "<group>"; };
		5C98425F1A8C7F5E00D06399 /* TimelineViewController.xib */ = {isa = PBXFileReference; fileEncoding = 4; lastKnownFileType = file.xib; path = TimelineViewController.xib; sourceTree = "<group>"; };
		5C9842681A8C9D6F00D06399 /* TweetTableViewCell.h */ = {isa = PBXFileReference; fileEncoding = 4; lastKnownFileType = sourcecode.c.h; path = TweetTableViewCell.h; sourceTree = "<group>"; };
		5C9842691A8C9D6F00D06399 /* TweetTableViewCell.m */ = {isa = PBXFileReference; fileEncoding = 4; lastKnownFileType = sourcecode.c.objc; path = TweetTableViewCell.m; sourceTree = "<group>"; };
		5C98426A1A8C9D6F00D06399 /* TweetTableViewCell.xib */ = {isa = PBXFileReference; fileEncoding = 4; lastKnownFileType = file.xib; path = TweetTableViewCell.xib; sourceTree = "<group>"; };
		5C98426D1A8CAD6A00D06399 /* Readme */ = {isa = PBXFileReference; fileEncoding = 4; lastKnownFileType = text; path = Readme; sourceTree = "<group>"; };
		5C9842A91A92CA0A00D06399 /* MenuViewController.h */ = {isa = PBXFileReference; fileEncoding = 4; lastKnownFileType = sourcecode.c.h; path = MenuViewController.h; sourceTree = "<group>"; };
		5C9842AA1A92CA0A00D06399 /* MenuViewController.m */ = {isa = PBXFileReference; fileEncoding = 4; lastKnownFileType = sourcecode.c.objc; path = MenuViewController.m; sourceTree = "<group>"; };
		5C9842AB1A92CA0A00D06399 /* MenuViewController.xib */ = {isa = PBXFileReference; fileEncoding = 4; lastKnownFileType = file.xib; path = MenuViewController.xib; sourceTree = "<group>"; };
		5C9842AE1A92CCD300D06399 /* ProfileViewController.h */ = {isa = PBXFileReference; fileEncoding = 4; lastKnownFileType = sourcecode.c.h; path = ProfileViewController.h; sourceTree = "<group>"; };
		5C9842AF1A92CCD300D06399 /* ProfileViewController.m */ = {isa = PBXFileReference; fileEncoding = 4; lastKnownFileType = sourcecode.c.objc; path = ProfileViewController.m; sourceTree = "<group>"; };
		5C9842B01A92CCD300D06399 /* ProfileViewController.xib */ = {isa = PBXFileReference; fileEncoding = 4; lastKnownFileType = file.xib; path = ProfileViewController.xib; sourceTree = "<group>"; };
		5CEA2DE11A8888EF005D9974 /* TweetsViewController.h */ = {isa = PBXFileReference; fileEncoding = 4; lastKnownFileType = sourcecode.c.h; path = TweetsViewController.h; sourceTree = "<group>"; };
		5CEA2DE21A8888EF005D9974 /* TweetsViewController.m */ = {isa = PBXFileReference; fileEncoding = 4; lastKnownFileType = sourcecode.c.objc; path = TweetsViewController.m; sourceTree = "<group>"; };
		5CEA2DE31A8888EF005D9974 /* TweetsViewController.xib */ = {isa = PBXFileReference; fileEncoding = 4; lastKnownFileType = file.xib; path = TweetsViewController.xib; sourceTree = "<group>"; };
		873CC81ED37EA553DC190794 /* Pods.debug.xcconfig */ = {isa = PBXFileReference; includeInIndex = 1; lastKnownFileType = text.xcconfig; name = Pods.debug.xcconfig; path = "Pods/Target Support Files/Pods/Pods.debug.xcconfig"; sourceTree = "<group>"; };
/* End PBXFileReference section */

/* Begin PBXFrameworksBuildPhase section */
		5C5263641A87257900498BDE /* Frameworks */ = {
			isa = PBXFrameworksBuildPhase;
			buildActionMask = 2147483647;
			files = (
				17B83733D4B5AAC2924B491D /* libPods.a in Frameworks */,
			);
			runOnlyForDeploymentPostprocessing = 0;
		};
		5C52637D1A87257900498BDE /* Frameworks */ = {
			isa = PBXFrameworksBuildPhase;
			buildActionMask = 2147483647;
			files = (
			);
			runOnlyForDeploymentPostprocessing = 0;
		};
/* End PBXFrameworksBuildPhase section */

/* Begin PBXGroup section */
		39B046A4297CAF27B7B7C752 /* Pods */ = {
			isa = PBXGroup;
			children = (
				873CC81ED37EA553DC190794 /* Pods.debug.xcconfig */,
				241A5EDC951C86D6C51E265F /* Pods.release.xcconfig */,
			);
			name = Pods;
			sourceTree = "<group>";
		};
		3B32A53CF2B6412481D35AAD /* Frameworks */ = {
			isa = PBXGroup;
			children = (
				09C3C67FC3470549B1B23F56 /* libPods.a */,
			);
			name = Frameworks;
			sourceTree = "<group>";
		};
		5C52635E1A87257900498BDE = {
			isa = PBXGroup;
			children = (
				5C98426D1A8CAD6A00D06399 /* Readme */,
				5C5263691A87257900498BDE /* twitterApp */,
				5C5263831A87257900498BDE /* twitterAppTests */,
				5C5263681A87257900498BDE /* Products */,
				39B046A4297CAF27B7B7C752 /* Pods */,
				3B32A53CF2B6412481D35AAD /* Frameworks */,
			);
			sourceTree = "<group>";
		};
		5C5263681A87257900498BDE /* Products */ = {
			isa = PBXGroup;
			children = (
				5C5263671A87257900498BDE /* twitterApp.app */,
				5C5263801A87257900498BDE /* twitterAppTests.xctest */,
			);
			name = Products;
			sourceTree = "<group>";
		};
		5C5263691A87257900498BDE /* twitterApp */ = {
			isa = PBXGroup;
			children = (
				5C9842621A8C7FBF00D06399 /* view */,
				5C98425C1A8C7ED100D06399 /* api */,
				5C98425B1A8C7EB500D06399 /* viewController */,
				5C5263981A88352F00498BDE /* model */,
				5C52636E1A87257900498BDE /* AppDelegate.h */,
				5C52636F1A87257900498BDE /* AppDelegate.m */,
				5C5263771A87257900498BDE /* Images.xcassets */,
				5C5263791A87257900498BDE /* LaunchScreen.xib */,
				5C52636A1A87257900498BDE /* Supporting Files */,
			);
			path = twitterApp;
			sourceTree = "<group>";
		};
		5C52636A1A87257900498BDE /* Supporting Files */ = {
			isa = PBXGroup;
			children = (
				5C52636B1A87257900498BDE /* Info.plist */,
				5C52636C1A87257900498BDE /* main.m */,
			);
			name = "Supporting Files";
			sourceTree = "<group>";
		};
		5C5263831A87257900498BDE /* twitterAppTests */ = {
			isa = PBXGroup;
			children = (
				5C5263861A87257900498BDE /* twitterAppTests.m */,
				5C5263841A87257900498BDE /* Supporting Files */,
			);
			path = twitterAppTests;
			sourceTree = "<group>";
		};
		5C5263841A87257900498BDE /* Supporting Files */ = {
			isa = PBXGroup;
			children = (
				5C5263851A87257900498BDE /* Info.plist */,
			);
			name = "Supporting Files";
			sourceTree = "<group>";
		};
		5C5263981A88352F00498BDE /* model */ = {
			isa = PBXGroup;
			children = (
				5C5263991A88354D00498BDE /* Tweet.h */,
				5C52639A1A88354D00498BDE /* Tweet.m */,
				5C52639C1A88356E00498BDE /* User.h */,
				5C52639D1A88356E00498BDE /* User.m */,
			);
			name = model;
			sourceTree = "<group>";
		};
		5C98425B1A8C7EB500D06399 /* viewController */ = {
			isa = PBXGroup;
			children = (
				5CEA2DE11A8888EF005D9974 /* TweetsViewController.h */,
				5CEA2DE21A8888EF005D9974 /* TweetsViewController.m */,
				5CEA2DE31A8888EF005D9974 /* TweetsViewController.xib */,
				5C5263901A87291600498BDE /* LogginViewController.h */,
				5C5263911A87291600498BDE /* LogginViewController.m */,
				5C5263921A87291600498BDE /* LogginViewController.xib */,
				5C98425D1A8C7F5E00D06399 /* TimelineViewController.h */,
				5C98425E1A8C7F5E00D06399 /* TimelineViewController.m */,
				5C98425F1A8C7F5E00D06399 /* TimelineViewController.xib */,
				5C9842A91A92CA0A00D06399 /* MenuViewController.h */,
				5C9842AA1A92CA0A00D06399 /* MenuViewController.m */,
				5C9842AB1A92CA0A00D06399 /* MenuViewController.xib */,
				5C9842AE1A92CCD300D06399 /* ProfileViewController.h */,
				5C9842AF1A92CCD300D06399 /* ProfileViewController.m */,
				5C9842B01A92CCD300D06399 /* ProfileViewController.xib */,
			);
			name = viewController;
			sourceTree = "<group>";
		};
		5C98425C1A8C7ED100D06399 /* api */ = {
			isa = PBXGroup;
			children = (
				5C5263951A872B0C00498BDE /* TwitterClient.h */,
				5C5263961A872B0C00498BDE /* TwitterClient.m */,
			);
			name = api;
			sourceTree = "<group>";
		};
		5C9842621A8C7FBF00D06399 /* view */ = {
			isa = PBXGroup;
			children = (
				5C9842681A8C9D6F00D06399 /* TweetTableViewCell.h */,
				5C9842691A8C9D6F00D06399 /* TweetTableViewCell.m */,
				5C98426A1A8C9D6F00D06399 /* TweetTableViewCell.xib */,
			);
			name = view;
			sourceTree = "<group>";
		};
/* End PBXGroup section */

/* Begin PBXNativeTarget section */
		5C5263661A87257900498BDE /* twitterApp */ = {
			isa = PBXNativeTarget;
			buildConfigurationList = 5C52638A1A87257900498BDE /* Build configuration list for PBXNativeTarget "twitterApp" */;
			buildPhases = (
				B5382F495152C407413E9A56 /* Check Pods Manifest.lock */,
				5C5263631A87257900498BDE /* Sources */,
				5C5263641A87257900498BDE /* Frameworks */,
				5C5263651A87257900498BDE /* Resources */,
				72AE4EDBAE67109FEAE52729 /* Copy Pods Resources */,
			);
			buildRules = (
			);
			dependencies = (
			);
			name = twitterApp;
			productName = twitterApp;
			productReference = 5C5263671A87257900498BDE /* twitterApp.app */;
			productType = "com.apple.product-type.application";
		};
		5C52637F1A87257900498BDE /* twitterAppTests */ = {
			isa = PBXNativeTarget;
			buildConfigurationList = 5C52638D1A87257900498BDE /* Build configuration list for PBXNativeTarget "twitterAppTests" */;
			buildPhases = (
				5C52637C1A87257900498BDE /* Sources */,
				5C52637D1A87257900498BDE /* Frameworks */,
				5C52637E1A87257900498BDE /* Resources */,
			);
			buildRules = (
			);
			dependencies = (
				5C5263821A87257900498BDE /* PBXTargetDependency */,
			);
			name = twitterAppTests;
			productName = twitterAppTests;
			productReference = 5C5263801A87257900498BDE /* twitterAppTests.xctest */;
			productType = "com.apple.product-type.bundle.unit-test";
		};
/* End PBXNativeTarget section */

/* Begin PBXProject section */
		5C52635F1A87257900498BDE /* Project object */ = {
			isa = PBXProject;
			attributes = {
				LastUpgradeCheck = 0610;
				ORGANIZATIONNAME = "Nadav Golbandi";
				TargetAttributes = {
					5C5263661A87257900498BDE = {
						CreatedOnToolsVersion = 6.1.1;
					};
					5C52637F1A87257900498BDE = {
						CreatedOnToolsVersion = 6.1.1;
						TestTargetID = 5C5263661A87257900498BDE;
					};
				};
			};
			buildConfigurationList = 5C5263621A87257900498BDE /* Build configuration list for PBXProject "twitterApp" */;
			compatibilityVersion = "Xcode 3.2";
			developmentRegion = English;
			hasScannedForEncodings = 0;
			knownRegions = (
				en,
				Base,
			);
			mainGroup = 5C52635E1A87257900498BDE;
			productRefGroup = 5C5263681A87257900498BDE /* Products */;
			projectDirPath = "";
			projectRoot = "";
			targets = (
				5C5263661A87257900498BDE /* twitterApp */,
				5C52637F1A87257900498BDE /* twitterAppTests */,
			);
		};
/* End PBXProject section */

/* Begin PBXResourcesBuildPhase section */
		5C5263651A87257900498BDE /* Resources */ = {
			isa = PBXResourcesBuildPhase;
			buildActionMask = 2147483647;
			files = (
				5C9842B21A92CCD300D06399 /* ProfileViewController.xib in Resources */,
				5CEA2DE51A8888EF005D9974 /* TweetsViewController.xib in Resources */,
				5C52637B1A87257900498BDE /* LaunchScreen.xib in Resources */,
				5C98426C1A8C9D6F00D06399 /* TweetTableViewCell.xib in Resources */,
				5C9842AD1A92CA0A00D06399 /* MenuViewController.xib in Resources */,
				5C98426E1A8CAD6A00D06399 /* Readme in Resources */,
				5C9842611A8C7F5E00D06399 /* TimelineViewController.xib in Resources */,
				5C5263781A87257900498BDE /* Images.xcassets in Resources */,
				5C5263941A87291600498BDE /* LogginViewController.xib in Resources */,
			);
			runOnlyForDeploymentPostprocessing = 0;
		};
		5C52637E1A87257900498BDE /* Resources */ = {
			isa = PBXResourcesBuildPhase;
			buildActionMask = 2147483647;
			files = (
			);
			runOnlyForDeploymentPostprocessing = 0;
		};
/* End PBXResourcesBuildPhase section */

/* Begin PBXShellScriptBuildPhase section */
		72AE4EDBAE67109FEAE52729 /* Copy Pods Resources */ = {
			isa = PBXShellScriptBuildPhase;
			buildActionMask = 2147483647;
			files = (
			);
			inputPaths = (
			);
			name = "Copy Pods Resources";
			outputPaths = (
			);
			runOnlyForDeploymentPostprocessing = 0;
			shellPath = /bin/sh;
			shellScript = "\"${SRCROOT}/Pods/Target Support Files/Pods/Pods-resources.sh\"\n";
			showEnvVarsInLog = 0;
		};
		B5382F495152C407413E9A56 /* Check Pods Manifest.lock */ = {
			isa = PBXShellScriptBuildPhase;
			buildActionMask = 2147483647;
			files = (
			);
			inputPaths = (
			);
			name = "Check Pods Manifest.lock";
			outputPaths = (
			);
			runOnlyForDeploymentPostprocessing = 0;
			shellPath = /bin/sh;
			shellScript = "diff \"${PODS_ROOT}/../Podfile.lock\" \"${PODS_ROOT}/Manifest.lock\" > /dev/null\nif [[ $? != 0 ]] ; then\n    cat << EOM\nerror: The sandbox is not in sync with the Podfile.lock. Run 'pod install' or update your CocoaPods installation.\nEOM\n    exit 1\nfi\n";
			showEnvVarsInLog = 0;
		};
/* End PBXShellScriptBuildPhase section */

/* Begin PBXSourcesBuildPhase section */
		5C5263631A87257900498BDE /* Sources */ = {
			isa = PBXSourcesBuildPhase;
			buildActionMask = 2147483647;
			files = (
				5C5263971A872B0C00498BDE /* TwitterClient.m in Sources */,
				5C9842601A8C7F5E00D06399 /* TimelineViewController.m in Sources */,
				5C98426B1A8C9D6F00D06399 /* TweetTableViewCell.m in Sources */,
				5C5263701A87257900498BDE /* AppDelegate.m in Sources */,
				5C52639E1A88356E00498BDE /* User.m in Sources */,
				5C52639B1A88354D00498BDE /* Tweet.m in Sources */,
				5C5263931A87291600498BDE /* LogginViewController.m in Sources */,
				5C52636D1A87257900498BDE /* main.m in Sources */,
				5C9842B11A92CCD300D06399 /* ProfileViewController.m in Sources */,
				5CEA2DE41A8888EF005D9974 /* TweetsViewController.m in Sources */,
				5C9842AC1A92CA0A00D06399 /* MenuViewController.m in Sources */,
			);
			runOnlyForDeploymentPostprocessing = 0;
		};
		5C52637C1A87257900498BDE /* Sources */ = {
			isa = PBXSourcesBuildPhase;
			buildActionMask = 2147483647;
			files = (
				5C5263871A87257900498BDE /* twitterAppTests.m in Sources */,
			);
			runOnlyForDeploymentPostprocessing = 0;
		};
/* End PBXSourcesBuildPhase section */

/* Begin PBXTargetDependency section */
		5C5263821A87257900498BDE /* PBXTargetDependency */ = {
			isa = PBXTargetDependency;
			target = 5C5263661A87257900498BDE /* twitterApp */;
			targetProxy = 5C5263811A87257900498BDE /* PBXContainerItemProxy */;
		};
/* End PBXTargetDependency section */

/* Begin PBXVariantGroup section */
		5C5263791A87257900498BDE /* LaunchScreen.xib */ = {
			isa = PBXVariantGroup;
			children = (
				5C52637A1A87257900498BDE /* Base */,
			);
			name = LaunchScreen.xib;
			sourceTree = "<group>";
		};
/* End PBXVariantGroup section */

/* Begin XCBuildConfiguration section */
		5C5263881A87257900498BDE /* Debug */ = {
			isa = XCBuildConfiguration;
			buildSettings = {
				ALWAYS_SEARCH_USER_PATHS = NO;
				CLANG_CXX_LANGUAGE_STANDARD = "gnu++0x";
				CLANG_CXX_LIBRARY = "libc++";
				CLANG_ENABLE_MODULES = YES;
				CLANG_ENABLE_OBJC_ARC = YES;
				CLANG_WARN_BOOL_CONVERSION = YES;
				CLANG_WARN_CONSTANT_CONVERSION = YES;
				CLANG_WARN_DIRECT_OBJC_ISA_USAGE = YES_ERROR;
				CLANG_WARN_EMPTY_BODY = YES;
				CLANG_WARN_ENUM_CONVERSION = YES;
				CLANG_WARN_INT_CONVERSION = YES;
				CLANG_WARN_OBJC_ROOT_CLASS = YES_ERROR;
				CLANG_WARN_UNREACHABLE_CODE = YES;
				CLANG_WARN__DUPLICATE_METHOD_MATCH = YES;
				"CODE_SIGN_IDENTITY[sdk=iphoneos*]" = "iPhone Developer";
				COPY_PHASE_STRIP = NO;
				ENABLE_STRICT_OBJC_MSGSEND = YES;
				GCC_C_LANGUAGE_STANDARD = gnu99;
				GCC_DYNAMIC_NO_PIC = NO;
				GCC_OPTIMIZATION_LEVEL = 0;
				GCC_PREPROCESSOR_DEFINITIONS = (
					"DEBUG=1",
					"$(inherited)",
				);
				GCC_SYMBOLS_PRIVATE_EXTERN = NO;
				GCC_WARN_64_TO_32_BIT_CONVERSION = YES;
				GCC_WARN_ABOUT_RETURN_TYPE = YES_ERROR;
				GCC_WARN_UNDECLARED_SELECTOR = YES;
				GCC_WARN_UNINITIALIZED_AUTOS = YES_AGGRESSIVE;
				GCC_WARN_UNUSED_FUNCTION = YES;
				GCC_WARN_UNUSED_VARIABLE = YES;
				IPHONEOS_DEPLOYMENT_TARGET = 8.1;
				MTL_ENABLE_DEBUG_INFO = YES;
				ONLY_ACTIVE_ARCH = YES;
				SDKROOT = iphoneos;
			};
			name = Debug;
		};
		5C5263891A87257900498BDE /* Release */ = {
			isa = XCBuildConfiguration;
			buildSettings = {
				ALWAYS_SEARCH_USER_PATHS = NO;
				CLANG_CXX_LANGUAGE_STANDARD = "gnu++0x";
				CLANG_CXX_LIBRARY = "libc++";
				CLANG_ENABLE_MODULES = YES;
				CLANG_ENABLE_OBJC_ARC = YES;
				CLANG_WARN_BOOL_CONVERSION = YES;
				CLANG_WARN_CONSTANT_CONVERSION = YES;
				CLANG_WARN_DIRECT_OBJC_ISA_USAGE = YES_ERROR;
				CLANG_WARN_EMPTY_BODY = YES;
				CLANG_WARN_ENUM_CONVERSION = YES;
				CLANG_WARN_INT_CONVERSION = YES;
				CLANG_WARN_OBJC_ROOT_CLASS = YES_ERROR;
				CLANG_WARN_UNREACHABLE_CODE = YES;
				CLANG_WARN__DUPLICATE_METHOD_MATCH = YES;
				"CODE_SIGN_IDENTITY[sdk=iphoneos*]" = "iPhone Developer";
				COPY_PHASE_STRIP = YES;
				ENABLE_NS_ASSERTIONS = NO;
				ENABLE_STRICT_OBJC_MSGSEND = YES;
				GCC_C_LANGUAGE_STANDARD = gnu99;
				GCC_WARN_64_TO_32_BIT_CONVERSION = YES;
				GCC_WARN_ABOUT_RETURN_TYPE = YES_ERROR;
				GCC_WARN_UNDECLARED_SELECTOR = YES;
				GCC_WARN_UNINITIALIZED_AUTOS = YES_AGGRESSIVE;
				GCC_WARN_UNUSED_FUNCTION = YES;
				GCC_WARN_UNUSED_VARIABLE = YES;
				IPHONEOS_DEPLOYMENT_TARGET = 8.1;
				MTL_ENABLE_DEBUG_INFO = NO;
				SDKROOT = iphoneos;
				VALIDATE_PRODUCT = YES;
			};
			name = Release;
		};
		5C52638B1A87257900498BDE /* Debug */ = {
			isa = XCBuildConfiguration;
			baseConfigurationReference = 873CC81ED37EA553DC190794 /* Pods.debug.xcconfig */;
			buildSettings = {
				ASSETCATALOG_COMPILER_APPICON_NAME = AppIcon;
				INFOPLIST_FILE = twitterApp/Info.plist;
				LD_RUNPATH_SEARCH_PATHS = "$(inherited) @executable_path/Frameworks";
				PRODUCT_NAME = "$(TARGET_NAME)";
			};
			name = Debug;
		};
		5C52638C1A87257900498BDE /* Release */ = {
			isa = XCBuildConfiguration;
			baseConfigurationReference = 241A5EDC951C86D6C51E265F /* Pods.release.xcconfig */;
			buildSettings = {
				ASSETCATALOG_COMPILER_APPICON_NAME = AppIcon;
				INFOPLIST_FILE = twitterApp/Info.plist;
				LD_RUNPATH_SEARCH_PATHS = "$(inherited) @executable_path/Frameworks";
				PRODUCT_NAME = "$(TARGET_NAME)";
			};
			name = Release;
		};
		5C52638E1A87257900498BDE /* Debug */ = {
			isa = XCBuildConfiguration;
			buildSettings = {
				BUNDLE_LOADER = "$(TEST_HOST)";
				FRAMEWORK_SEARCH_PATHS = (
					"$(SDKROOT)/Developer/Library/Frameworks",
					"$(inherited)",
				);
				GCC_PREPROCESSOR_DEFINITIONS = (
					"DEBUG=1",
					"$(inherited)",
				);
				INFOPLIST_FILE = twitterAppTests/Info.plist;
				LD_RUNPATH_SEARCH_PATHS = "$(inherited) @executable_path/Frameworks @loader_path/Frameworks";
				PRODUCT_NAME = "$(TARGET_NAME)";
				TEST_HOST = "$(BUILT_PRODUCTS_DIR)/twitterApp.app/twitterApp";
			};
			name = Debug;
		};
		5C52638F1A87257900498BDE /* Release */ = {
			isa = XCBuildConfiguration;
			buildSettings = {
				BUNDLE_LOADER = "$(TEST_HOST)";
				FRAMEWORK_SEARCH_PATHS = (
					"$(SDKROOT)/Developer/Library/Frameworks",
					"$(inherited)",
				);
				INFOPLIST_FILE = twitterAppTests/Info.plist;
				LD_RUNPATH_SEARCH_PATHS = "$(inherited) @executable_path/Frameworks @loader_path/Frameworks";
				PRODUCT_NAME = "$(TARGET_NAME)";
				TEST_HOST = "$(BUILT_PRODUCTS_DIR)/twitterApp.app/twitterApp";
			};
			name = Release;
		};
/* End XCBuildConfiguration section */

/* Begin XCConfigurationList section */
		5C5263621A87257900498BDE /* Build configuration list for PBXProject "twitterApp" */ = {
			isa = XCConfigurationList;
			buildConfigurations = (
				5C5263881A87257900498BDE /* Debug */,
				5C5263891A87257900498BDE /* Release */,
			);
			defaultConfigurationIsVisible = 0;
			defaultConfigurationName = Release;
		};
		5C52638A1A87257900498BDE /* Build configuration list for PBXNativeTarget "twitterApp" */ = {
			isa = XCConfigurationList;
			buildConfigurations = (
				5C52638B1A87257900498BDE /* Debug */,
				5C52638C1A87257900498BDE /* Release */,
			);
			defaultConfigurationIsVisible = 0;
			defaultConfigurationName = Release;
		};
		5C52638D1A87257900498BDE /* Build configuration list for PBXNativeTarget "twitterAppTests" */ = {
			isa = XCConfigurationList;
			buildConfigurations = (
				5C52638E1A87257900498BDE /* Debug */,
				5C52638F1A87257900498BDE /* Release */,
			);
			defaultConfigurationIsVisible = 0;
			defaultConfigurationName = Release;
		};
/* End XCConfigurationList section */
	};
	rootObject = 5C52635F1A87257900498BDE /* Project object */;
}
